
Microsoft Visual Studio Solution File, Format Version 12.00
# Visual Studio Version 17
VisualStudioVersion = 17.4.33205.214
MinimumVisualStudioVersion = 10.0.40219.1
Project("{FAE04EC0-301F-11D3-BF4B-00C04F79EFBC}") = "CraftProjectWPF", "CraftProjectWPF\CraftProjectWPF.csproj", "{A03939E3-1552-4279-9899-999FA9BD65F9}"
EndProject
Global
	GlobalSection(SolutionConfigurationPlatforms) = preSolution
		Debug|Any CPU = Debug|Any CPU
		Release|Any CPU = Release|Any CPU
	EndGlobalSection
	GlobalSection(ProjectConfigurationPlatforms) = postSolution
		{A03939E3-1552-4279-9899-999FA9BD65F9}.Debug|Any CPU.ActiveCfg = Debug|Any CPU
		{A03939E3-1552-4279-9899-999FA9BD65F9}.Debug|Any CPU.Build.0 = Debug|Any CPU
		{A03939E3-1552-4279-9899-999FA9BD65F9}.Release|Any CPU.ActiveCfg = Release|Any CPU
		{A03939E3-1552-4279-9899-999FA9BD65F9}.Release|Any CPU.Build.0 = Release|Any CPU
	EndGlobalSection
	GlobalSection(SolutionProperties) = preSolution
		HideSolutionNode = FALSE
	EndGlobalSection
	GlobalSection(ExtensibilityGlobals) = postSolution
		SolutionGuid = {E1F8E546-D86A-43ED-860D-8D8949D12EEB}
	EndGlobalSection
EndGlobal
